// !$*UTF8*$!
{
	archiveVersion = 1;
	classes = {
	};
	objectVersion = 55;
	objects = {

/* Begin PBXBuildFile section */
		958D8F9427A4902500E68F6A /* AppDelegate.swift in Sources */ = {isa = PBXBuildFile; fileRef = 958D8F9327A4902500E68F6A /* AppDelegate.swift */; };
		958D8F9827A4902500E68F6A /* TaskListViewController.swift in Sources */ = {isa = PBXBuildFile; fileRef = 958D8F9727A4902500E68F6A /* TaskListViewController.swift */; };
		958D8F9B27A4902500E68F6A /* Main.storyboard in Resources */ = {isa = PBXBuildFile; fileRef = 958D8F9927A4902500E68F6A /* Main.storyboard */; };
		958D8F9D27A4902600E68F6A /* Assets.xcassets in Resources */ = {isa = PBXBuildFile; fileRef = 958D8F9C27A4902600E68F6A /* Assets.xcassets */; };
		958D8FA027A4902600E68F6A /* LaunchScreen.storyboard in Resources */ = {isa = PBXBuildFile; fileRef = 958D8F9E27A4902600E68F6A /* LaunchScreen.storyboard */; };
		958D8FA827A490C000E68F6A /* TaskViewController.swift in Sources */ = {isa = PBXBuildFile; fileRef = 958D8FA727A490C000E68F6A /* TaskViewController.swift */; };
		958D8FAA27A4913A00E68F6A /* StorageManager.swift in Sources */ = {isa = PBXBuildFile; fileRef = 958D8FA927A4913A00E68F6A /* StorageManager.swift */; };
		958D8FAC27A4918500E68F6A /* AlertViewController.swift in Sources */ = {isa = PBXBuildFile; fileRef = 958D8FAB27A4918500E68F6A /* AlertViewController.swift */; };
		958D8FAE27A491B500E68F6A /* Task.swift in Sources */ = {isa = PBXBuildFile; fileRef = 958D8FAD27A491B500E68F6A /* Task.swift */; };
/* End PBXBuildFile section */

/* Begin PBXFileReference section */
		958D8F9027A4902500E68F6A /* RealmProject.app */ = {isa = PBXFileReference; explicitFileType = wrapper.application; includeInIndex = 0; path = RealmProject.app; sourceTree = BUILT_PRODUCTS_DIR; };
		958D8F9327A4902500E68F6A /* AppDelegate.swift */ = {isa = PBXFileReference; lastKnownFileType = sourcecode.swift; path = AppDelegate.swift; sourceTree = "<group>"; };
		958D8F9727A4902500E68F6A /* TaskListViewController.swift */ = {isa = PBXFileReference; lastKnownFileType = sourcecode.swift; path = TaskListViewController.swift; sourceTree = "<group>"; };
		958D8F9A27A4902500E68F6A /* Base */ = {isa = PBXFileReference; lastKnownFileType = file.storyboard; name = Base; path = Base.lproj/Main.storyboard; sourceTree = "<group>"; };
		958D8F9C27A4902600E68F6A /* Assets.xcassets */ = {isa = PBXFileReference; lastKnownFileType = folder.assetcatalog; path = Assets.xcassets; sourceTree = "<group>"; };
		958D8F9F27A4902600E68F6A /* Base */ = {isa = PBXFileReference; lastKnownFileType = file.storyboard; name = Base; path = Base.lproj/LaunchScreen.storyboard; sourceTree = "<group>"; };
		958D8FA127A4902600E68F6A /* Info.plist */ = {isa = PBXFileReference; lastKnownFileType = text.plist.xml; path = Info.plist; sourceTree = "<group>"; };
		958D8FA727A490C000E68F6A /* TaskViewController.swift */ = {isa = PBXFileReference; lastKnownFileType = sourcecode.swift; path = TaskViewController.swift; sourceTree = "<group>"; };
		958D8FA927A4913A00E68F6A /* StorageManager.swift */ = {isa = PBXFileReference; lastKnownFileType = sourcecode.swift; path = StorageManager.swift; sourceTree = "<group>"; };
		958D8FAB27A4918500E68F6A /* AlertViewController.swift */ = {isa = PBXFileReference; lastKnownFileType = sourcecode.swift; path = AlertViewController.swift; sourceTree = "<group>"; };
		958D8FAD27A491B500E68F6A /* Task.swift */ = {isa = PBXFileReference; lastKnownFileType = sourcecode.swift; path = Task.swift; sourceTree = "<group>"; };
/* End PBXFileReference section */

/* Begin PBXFrameworksBuildPhase section */
		958D8F8D27A4902500E68F6A /* Frameworks */ = {
			isa = PBXFrameworksBuildPhase;
			buildActionMask = 2147483647;
			files = (
			);
			runOnlyForDeploymentPostprocessing = 0;
		};
/* End PBXFrameworksBuildPhase section */

/* Begin PBXGroup section */
		958D8F8727A4902500E68F6A = {
			isa = PBXGroup;
			children = (
				958D8F9227A4902500E68F6A /* RealmProject */,
				958D8F9127A4902500E68F6A /* Products */,
			);
			sourceTree = "<group>";
		};
		958D8F9127A4902500E68F6A /* Products */ = {
			isa = PBXGroup;
			children = (
				958D8F9027A4902500E68F6A /* RealmProject.app */,
			);
			name = Products;
			sourceTree = "<group>";
		};
		958D8F9227A4902500E68F6A /* RealmProject */ = {
			isa = PBXGroup;
			children = (
				958D8FB127A491FF00E68F6A /* ViewControllers */,
				958D8F9727A4902500E68F6A /* TaskListViewController.swift */,
				958D8FA727A490C000E68F6A /* TaskViewController.swift */,
				958D8FAB27A4918500E68F6A /* AlertViewController.swift */,
				958D8FAF27A491D900E68F6A /* Model */,
				958D8FB027A491EB00E68F6A /* Services */,
				958D8F9327A4902500E68F6A /* AppDelegate.swift */,
				958D8F9927A4902500E68F6A /* Main.storyboard */,
				958D8F9C27A4902600E68F6A /* Assets.xcassets */,
				958D8F9E27A4902600E68F6A /* LaunchScreen.storyboard */,
				958D8FA127A4902600E68F6A /* Info.plist */,
			);
			path = RealmProject;
			sourceTree = "<group>";
		};
		958D8FAF27A491D900E68F6A /* Model */ = {
			isa = PBXGroup;
			children = (
				958D8FAD27A491B500E68F6A /* Task.swift */,
			);
			path = Model;
			sourceTree = "<group>";
		};
		958D8FB027A491EB00E68F6A /* Services */ = {
			isa = PBXGroup;
			children = (
				958D8FA927A4913A00E68F6A /* StorageManager.swift */,
			);
			path = Services;
			sourceTree = "<group>";
		};
		958D8FB127A491FF00E68F6A /* ViewControllers */ = {
			isa = PBXGroup;
			children = (
			);
			path = ViewControllers;
			sourceTree = "<group>";
		};
/* End PBXGroup section */

/* Begin PBXNativeTarget section */
		958D8F8F27A4902500E68F6A /* RealmProject */ = {
			isa = PBXNativeTarget;
			buildConfigurationList = 958D8FA427A4902600E68F6A /* Build configuration list for PBXNativeTarget "RealmProject" */;
			buildPhases = (
				958D8F8C27A4902500E68F6A /* Sources */,
				958D8F8D27A4902500E68F6A /* Frameworks */,
				958D8F8E27A4902500E68F6A /* Resources */,
			);
			buildRules = (
			);
			dependencies = (
			);
			name = RealmProject;
			productName = RealmProject;
			productReference = 958D8F9027A4902500E68F6A /* RealmProject.app */;
			productType = "com.apple.product-type.application";
		};
/* End PBXNativeTarget section */

/* Begin PBXProject section */
		958D8F8827A4902500E68F6A /* Project object */ = {
			isa = PBXProject;
			attributes = {
				BuildIndependentTargetsInParallel = 1;
				LastSwiftUpdateCheck = 1320;
				LastUpgradeCheck = 1320;
				TargetAttributes = {
					958D8F8F27A4902500E68F6A = {
						CreatedOnToolsVersion = 13.2.1;
					};
				};
			};
			buildConfigurationList = 958D8F8B27A4902500E68F6A /* Build configuration list for PBXProject "RealmProject" */;
			compatibilityVersion = "Xcode 13.0";
			developmentRegion = en;
			hasScannedForEncodings = 0;
			knownRegions = (
				en,
				Base,
			);
			mainGroup = 958D8F8727A4902500E68F6A;
			productRefGroup = 958D8F9127A4902500E68F6A /* Products */;
			projectDirPath = "";
			projectRoot = "";
			targets = (
				958D8F8F27A4902500E68F6A /* RealmProject */,
			);
		};
/* End PBXProject section */

/* Begin PBXResourcesBuildPhase section */
		958D8F8E27A4902500E68F6A /* Resources */ = {
			isa = PBXResourcesBuildPhase;
			buildActionMask = 2147483647;
			files = (
				958D8FA027A4902600E68F6A /* LaunchScreen.storyboard in Resources */,
				958D8F9D27A4902600E68F6A /* Assets.xcassets in Resources */,
				958D8F9B27A4902500E68F6A /* Main.storyboard in Resources */,
			);
			runOnlyForDeploymentPostprocessing = 0;
		};
/* End PBXResourcesBuildPhase section */

/* Begin PBXSourcesBuildPhase section */
		958D8F8C27A4902500E68F6A /* Sources */ = {
			isa = PBXSourcesBuildPhase;
			buildActionMask = 2147483647;
			files = (
				958D8F9827A4902500E68F6A /* TaskListViewController.swift in Sources */,
				958D8FAC27A4918500E68F6A /* AlertViewController.swift in Sources */,
				958D8FA827A490C000E68F6A /* TaskViewController.swift in Sources */,
				958D8FAA27A4913A00E68F6A /* StorageManager.swift in Sources */,
				958D8F9427A4902500E68F6A /* AppDelegate.swift in Sources */,
				958D8FAE27A491B500E68F6A /* Task.swift in Sources */,
			);
			runOnlyForDeploymentPostprocessing = 0;
		};
/* End PBXSourcesBuildPhase section */

/* Begin PBXVariantGroup section */
		958D8F9927A4902500E68F6A /* Main.storyboard */ = {
			isa = PBXVariantGroup;
			children = (
				958D8F9A27A4902500E68F6A /* Base */,
			);
			name = Main.storyboard;
			sourceTree = "<group>";
		};
		958D8F9E27A4902600E68F6A /* LaunchScreen.storyboard */ = {
			isa = PBXVariantGroup;
			children = (
				958D8F9F27A4902600E68F6A /* Base */,
			);
			name = LaunchScreen.storyboard;
			sourceTree = "<group>";
		};
/* End PBXVariantGroup section */

/* Begin XCBuildConfiguration section */
		958D8FA227A4902600E68F6A /* Debug */ = {
			isa = XCBuildConfiguration;
			buildSettings = {
				ALWAYS_SEARCH_USER_PATHS = NO;
				CLANG_ANALYZER_NONNULL = YES;
				CLANG_ANALYZER_NUMBER_OBJECT_CONVERSION = YES_AGGRESSIVE;
				CLANG_CXX_LANGUAGE_STANDARD = "gnu++17";
				CLANG_CXX_LIBRARY = "libc++";
				CLANG_ENABLE_MODULES = YES;
				CLANG_ENABLE_OBJC_ARC = YES;
				CLANG_ENABLE_OBJC_WEAK = YES;
				CLANG_WARN_BLOCK_CAPTURE_AUTORELEASING = YES;
				CLANG_WARN_BOOL_CONVERSION = YES;
				CLANG_WARN_COMMA = YES;
				CLANG_WARN_CONSTANT_CONVERSION = YES;
				CLANG_WARN_DEPRECATED_OBJC_IMPLEMENTATIONS = YES;
				CLANG_WARN_DIRECT_OBJC_ISA_USAGE = YES_ERROR;
				CLANG_WARN_DOCUMENTATION_COMMENTS = YES;
				CLANG_WARN_EMPTY_BODY = YES;
				CLANG_WARN_ENUM_CONVERSION = YES;
				CLANG_WARN_INFINITE_RECURSION = YES;
				CLANG_WARN_INT_CONVERSION = YES;
				CLANG_WARN_NON_LITERAL_NULL_CONVERSION = YES;
				CLANG_WARN_OBJC_IMPLICIT_RETAIN_SELF = YES;
				CLANG_WARN_OBJC_LITERAL_CONVERSION = YES;
				CLANG_WARN_OBJC_ROOT_CLASS = YES_ERROR;
				CLANG_WARN_QUOTED_INCLUDE_IN_FRAMEWORK_HEADER = YES;
				CLANG_WARN_RANGE_LOOP_ANALYSIS = YES;
				CLANG_WARN_STRICT_PROTOTYPES = YES;
				CLANG_WARN_SUSPICIOUS_MOVE = YES;
				CLANG_WARN_UNGUARDED_AVAILABILITY = YES_AGGRESSIVE;
				CLANG_WARN_UNREACHABLE_CODE = YES;
				CLANG_WARN__DUPLICATE_METHOD_MATCH = YES;
				COPY_PHASE_STRIP = NO;
				DEBUG_INFORMATION_FORMAT = dwarf;
				ENABLE_STRICT_OBJC_MSGSEND = YES;
				ENABLE_TESTABILITY = YES;
				GCC_C_LANGUAGE_STANDARD = gnu11;
				GCC_DYNAMIC_NO_PIC = NO;
				GCC_NO_COMMON_BLOCKS = YES;
				GCC_OPTIMIZATION_LEVEL = 0;
				GCC_PREPROCESSOR_DEFINITIONS = (
					"DEBUG=1",
					"$(inherited)",
				);
				GCC_WARN_64_TO_32_BIT_CONVERSION = YES;
				GCC_WARN_ABOUT_RETURN_TYPE = YES_ERROR;
				GCC_WARN_UNDECLARED_SELECTOR = YES;
				GCC_WARN_UNINITIALIZED_AUTOS = YES_AGGRESSIVE;
				GCC_WARN_UNUSED_FUNCTION = YES;
				GCC_WARN_UNUSED_VARIABLE = YES;
				IPHONEOS_DEPLOYMENT_TARGET = 15.2;
				MTL_ENABLE_DEBUG_INFO = INCLUDE_SOURCE;
				MTL_FAST_MATH = YES;
				ONLY_ACTIVE_ARCH = YES;
				SDKROOT = iphoneos;
				SWIFT_ACTIVE_COMPILATION_CONDITIONS = DEBUG;
				SWIFT_OPTIMIZATION_LEVEL = "-Onone";
			};
			name = Debug;
		};
		958D8FA327A4902600E68F6A /* Release */ = {
			isa = XCBuildConfiguration;
			buildSettings = {
				ALWAYS_SEARCH_USER_PATHS = NO;
				CLANG_ANALYZER_NONNULL = YES;
				CLANG_ANALYZER_NUMBER_OBJECT_CONVERSION = YES_AGGRESSIVE;
				CLANG_CXX_LANGUAGE_STANDARD = "gnu++17";
				CLANG_CXX_LIBRARY = "libc++";
				CLANG_ENABLE_MODULES = YES;
				CLANG_ENABLE_OBJC_ARC = YES;
				CLANG_ENABLE_OBJC_WEAK = YES;
				CLANG_WARN_BLOCK_CAPTURE_AUTORELEASING = YES;
				CLANG_WARN_BOOL_CONVERSION = YES;
				CLANG_WARN_COMMA = YES;
				CLANG_WARN_CONSTANT_CONVERSION = YES;
				CLANG_WARN_DEPRECATED_OBJC_IMPLEMENTATIONS = YES;
				CLANG_WARN_DIRECT_OBJC_ISA_USAGE = YES_ERROR;
				CLANG_WARN_DOCUMENTATION_COMMENTS = YES;
				CLANG_WARN_EMPTY_BODY = YES;
				CLANG_WARN_ENUM_CONVERSION = YES;
				CLANG_WARN_INFINITE_RECURSION = YES;
				CLANG_WARN_INT_CONVERSION = YES;
				CLANG_WARN_NON_LITERAL_NULL_CONVERSION = YES;
				CLANG_WARN_OBJC_IMPLICIT_RETAIN_SELF = YES;
				CLANG_WARN_OBJC_LITERAL_CONVERSION = YES;
				CLANG_WARN_OBJC_ROOT_CLASS = YES_ERROR;
				CLANG_WARN_QUOTED_INCLUDE_IN_FRAMEWORK_HEADER = YES;
				CLANG_WARN_RANGE_LOOP_ANALYSIS = YES;
				CLANG_WARN_STRICT_PROTOTYPES = YES;
				CLANG_WARN_SUSPICIOUS_MOVE = YES;
				CLANG_WARN_UNGUARDED_AVAILABILITY = YES_AGGRESSIVE;
				CLANG_WARN_UNREACHABLE_CODE = YES;
				CLANG_WARN__DUPLICATE_METHOD_MATCH = YES;
				COPY_PHASE_STRIP = NO;
				DEBUG_INFORMATION_FORMAT = "dwarf-with-dsym";
				ENABLE_NS_ASSERTIONS = NO;
				ENABLE_STRICT_OBJC_MSGSEND = YES;
				GCC_C_LANGUAGE_STANDARD = gnu11;
				GCC_NO_COMMON_BLOCKS = YES;
				GCC_WARN_64_TO_32_BIT_CONVERSION = YES;
				GCC_WARN_ABOUT_RETURN_TYPE = YES_ERROR;
				GCC_WARN_UNDECLARED_SELECTOR = YES;
				GCC_WARN_UNINITIALIZED_AUTOS = YES_AGGRESSIVE;
				GCC_WARN_UNUSED_FUNCTION = YES;
				GCC_WARN_UNUSED_VARIABLE = YES;
				IPHONEOS_DEPLOYMENT_TARGET = 15.2;
				MTL_ENABLE_DEBUG_INFO = NO;
				MTL_FAST_MATH = YES;
				SDKROOT = iphoneos;
				SWIFT_COMPILATION_MODE = wholemodule;
				SWIFT_OPTIMIZATION_LEVEL = "-O";
				VALIDATE_PRODUCT = YES;
			};
			name = Release;
		};
		958D8FA527A4902600E68F6A /* Debug */ = {
			isa = XCBuildConfiguration;
			buildSettings = {
				ASSETCATALOG_COMPILER_APPICON_NAME = AppIcon;
				ASSETCATALOG_COMPILER_GLOBAL_ACCENT_COLOR_NAME = AccentColor;
				CODE_SIGN_STYLE = Automatic;
				CURRENT_PROJECT_VERSION = 1;
				DEVELOPMENT_TEAM = 6WFNPJ3F6F;
				GENERATE_INFOPLIST_FILE = YES;
				INFOPLIST_FILE = RealmProject/Info.plist;
				INFOPLIST_KEY_UIApplicationSupportsIndirectInputEvents = YES;
				INFOPLIST_KEY_UILaunchStoryboardName = LaunchScreen;
				INFOPLIST_KEY_UIMainStoryboardFile = Main;
				INFOPLIST_KEY_UISupportedInterfaceOrientations_iPad = "UIInterfaceOrientationPortrait UIInterfaceOrientationPortraitUpsideDown UIInterfaceOrientationLandscapeLeft UIInterfaceOrientationLandscapeRight";
				INFOPLIST_KEY_UISupportedInterfaceOrientations_iPhone = "UIInterfaceOrientationPortrait UIInterfaceOrientationLandscapeLeft UIInterfaceOrientationLandscapeRight";
				LD_RUNPATH_SEARCH_PATHS = (
					"$(inherited)",
					"@executable_path/Frameworks",
				);
				MARKETING_VERSION = 1.0;
				PRODUCT_BUNDLE_IDENTIFIER = "Kir-Tarasko.RealmProject";
				PRODUCT_NAME = "$(TARGET_NAME)";
				SWIFT_EMIT_LOC_STRINGS = YES;
				SWIFT_VERSION = 5.0;
				TARGETED_DEVICE_FAMILY = "1,2";
			};
			name = Debug;
		};
		958D8FA627A4902600E68F6A /* Release */ = {
			isa = XCBuildConfiguration;
			buildSettings = {
				ASSETCATALOG_COMPILER_APPICON_NAME = AppIcon;
				ASSETCATALOG_COMPILER_GLOBAL_ACCENT_COLOR_NAME = AccentColor;
				CODE_SIGN_STYLE = Automatic;
				CURRENT_PROJECT_VERSION = 1;
				DEVELOPMENT_TEAM = 6WFNPJ3F6F;
				GENERATE_INFOPLIST_FILE = YES;
				INFOPLIST_FILE = RealmProject/Info.plist;
				INFOPLIST_KEY_UIApplicationSupportsIndirectInputEvents = YES;
				INFOPLIST_KEY_UILaunchStoryboardName = LaunchScreen;
				INFOPLIST_KEY_UIMainStoryboardFile = Main;
				INFOPLIST_KEY_UISupportedInterfaceOrientations_iPad = "UIInterfaceOrientationPortrait UIInterfaceOrientationPortraitUpsideDown UIInterfaceOrientationLandscapeLeft UIInterfaceOrientationLandscapeRight";
				INFOPLIST_KEY_UISupportedInterfaceOrientations_iPhone = "UIInterfaceOrientationPortrait UIInterfaceOrientationLandscapeLeft UIInterfaceOrientationLandscapeRight";
				LD_RUNPATH_SEARCH_PATHS = (
					"$(inherited)",
					"@executable_path/Frameworks",
				);
				MARKETING_VERSION = 1.0;
				PRODUCT_BUNDLE_IDENTIFIER = "Kir-Tarasko.RealmProject";
				PRODUCT_NAME = "$(TARGET_NAME)";
				SWIFT_EMIT_LOC_STRINGS = YES;
				SWIFT_VERSION = 5.0;
				TARGETED_DEVICE_FAMILY = "1,2";
			};
			name = Release;
		};
/* End XCBuildConfiguration section */

/* Begin XCConfigurationList section */
		958D8F8B27A4902500E68F6A /* Build configuration list for PBXProject "RealmProject" */ = {
			isa = XCConfigurationList;
			buildConfigurations = (
				958D8FA227A4902600E68F6A /* Debug */,
				958D8FA327A4902600E68F6A /* Release */,
			);
			defaultConfigurationIsVisible = 0;
			defaultConfigurationName = Release;
		};
		958D8FA427A4902600E68F6A /* Build configuration list for PBXNativeTarget "RealmProject" */ = {
			isa = XCConfigurationList;
			buildConfigurations = (
				958D8FA527A4902600E68F6A /* Debug */,
				958D8FA627A4902600E68F6A /* Release */,
			);
			defaultConfigurationIsVisible = 0;
			defaultConfigurationName = Release;
		};
/* End XCConfigurationList section */
	};
	rootObject = 958D8F8827A4902500E68F6A /* Project object */;
}
